
Microsoft Visual Studio Solution File, Format Version 12.00
# Visual Studio Version 16
VisualStudioVersion = 16.0.34931.43
MinimumVisualStudioVersion = 10.0.40219.1
Project("{FAE04EC0-301F-11D3-BF4B-00C04F79EFBC}") = "RegistrationForm", "RegistrationForm\RegistrationForm.csproj", "{985645E3-51A6-4FBC-945D-CFB81723FEC8}"
EndProject
Global
	GlobalSection(SolutionConfigurationPlatforms) = preSolution
		Debug|Any CPU = Debug|Any CPU
		Release|Any CPU = Release|Any CPU
	EndGlobalSection
	GlobalSection(ProjectConfigurationPlatforms) = postSolution
		{985645E3-51A6-4FBC-945D-CFB81723FEC8}.Debug|Any CPU.ActiveCfg = Debug|Any CPU
		{985645E3-51A6-4FBC-945D-CFB81723FEC8}.Debug|Any CPU.Build.0 = Debug|Any CPU
		{985645E3-51A6-4FBC-945D-CFB81723FEC8}.Release|Any CPU.ActiveCfg = Release|Any CPU
		{985645E3-51A6-4FBC-945D-CFB81723FEC8}.Release|Any CPU.Build.0 = Release|Any CPU
	EndGlobalSection
	GlobalSection(SolutionProperties) = preSolution
		HideSolutionNode = FALSE
	EndGlobalSection
	GlobalSection(ExtensibilityGlobals) = postSolution
		SolutionGuid = {B39F9248-B4B3-4AC5-BA72-95880019418F}
	EndGlobalSection
EndGlobal
